
Microsoft Visual Studio Solution File, Format Version 12.00
# Visual Studio Version 16
VisualStudioVersion = 16.0.29326.143
MinimumVisualStudioVersion = 10.0.40219.1
Project("{FAE04EC0-301F-11D3-BF4B-00C04F79EFBC}") = "SignalrRSample", "SignalrRSample\SignalrRSample.csproj", "{9DEB0030-4371-41EB-A443-3E677E1C93F2}"
EndProject
Project("{FAE04EC0-301F-11D3-BF4B-00C04F79EFBC}") = "SignalRSample.Client", "SignalRSample.Client\SignalRSample.Client.csproj", "{49B70D2C-5FBF-48AA-B444-A1A995E79DE4}"
EndProject
Global
	GlobalSection(SolutionConfigurationPlatforms) = preSolution
		Debug|Any CPU = Debug|Any CPU
		Release|Any CPU = Release|Any CPU
	EndGlobalSection
	GlobalSection(ProjectConfigurationPlatforms) = postSolution
		{9DEB0030-4371-41EB-A443-3E677E1C93F2}.Debug|Any CPU.ActiveCfg = Debug|Any CPU
		{9DEB0030-4371-41EB-A443-3E677E1C93F2}.Debug|Any CPU.Build.0 = Debug|Any CPU
		{9DEB0030-4371-41EB-A443-3E677E1C93F2}.Release|Any CPU.ActiveCfg = Release|Any CPU
		{9DEB0030-4371-41EB-A443-3E677E1C93F2}.Release|Any CPU.Build.0 = Release|Any CPU
		{49B70D2C-5FBF-48AA-B444-A1A995E79DE4}.Debug|Any CPU.ActiveCfg = Debug|Any CPU
		{49B70D2C-5FBF-48AA-B444-A1A995E79DE4}.Debug|Any CPU.Build.0 = Debug|Any CPU
		{49B70D2C-5FBF-48AA-B444-A1A995E79DE4}.Release|Any CPU.ActiveCfg = Release|Any CPU
		{49B70D2C-5FBF-48AA-B444-A1A995E79DE4}.Release|Any CPU.Build.0 = Release|Any CPU
	EndGlobalSection
	GlobalSection(SolutionProperties) = preSolution
		HideSolutionNode = FALSE
	EndGlobalSection
	GlobalSection(ExtensibilityGlobals) = postSolution
		SolutionGuid = {BDBA1248-8C97-43C8-A157-173D3F27932D}
	EndGlobalSection
EndGlobal
