
Microsoft Visual Studio Solution File, Format Version 12.00
# Visual Studio Version 16
VisualStudioVersion = 16.0.29326.143
MinimumVisualStudioVersion = 10.0.40219.1
Project("{FAE04EC0-301F-11D3-BF4B-00C04F79EFBC}") = "FussballManager", "FussballManager\FussballManager.csproj", "{27ED30C5-7FCC-4D0A-BD01-3FBF5CD9E043}"
EndProject
Global
	GlobalSection(SolutionConfigurationPlatforms) = preSolution
		Debug|Any CPU = Debug|Any CPU
		Release|Any CPU = Release|Any CPU
	EndGlobalSection
	GlobalSection(ProjectConfigurationPlatforms) = postSolution
		{27ED30C5-7FCC-4D0A-BD01-3FBF5CD9E043}.Debug|Any CPU.ActiveCfg = Debug|Any CPU
		{27ED30C5-7FCC-4D0A-BD01-3FBF5CD9E043}.Debug|Any CPU.Build.0 = Debug|Any CPU
		{27ED30C5-7FCC-4D0A-BD01-3FBF5CD9E043}.Release|Any CPU.ActiveCfg = Release|Any CPU
		{27ED30C5-7FCC-4D0A-BD01-3FBF5CD9E043}.Release|Any CPU.Build.0 = Release|Any CPU
	EndGlobalSection
	GlobalSection(SolutionProperties) = preSolution
		HideSolutionNode = FALSE
	EndGlobalSection
	GlobalSection(ExtensibilityGlobals) = postSolution
		SolutionGuid = {5540E20F-BE6B-4288-8209-629A4CB4AA6B}
	EndGlobalSection
EndGlobal
